
Microsoft Visual Studio Solution File, Format Version 12.00
# Visual Studio Version 17
VisualStudioVersion = 17.4.33103.184
MinimumVisualStudioVersion = 10.0.40219.1
Project("{9A19103F-16F7-4668-BE54-9A1E7A4F7556}") = "SmartApp.Client", "SmartApp.Client\SmartApp.Client.csproj", "{4C11F4CD-95F2-4E22-905E-18C5B9737D2B}"
EndProject
Project("{FAE04EC0-301F-11D3-BF4B-00C04F79EFBC}") = "SmartApp.Client.Android", "SmartApp.Client.Android\SmartApp.Client.Android.csproj", "{8BB1383C-BD31-4D45-8010-DFAFE1540D36}"
EndProject
Project("{FAE04EC0-301F-11D3-BF4B-00C04F79EFBC}") = "SmartApp.Client.iOS", "SmartApp.Client.iOS\SmartApp.Client.iOS.csproj", "{73F860EE-EB58-45F6-8B4B-817A13ACC9AF}"
EndProject
Global
	GlobalSection(SolutionConfigurationPlatforms) = preSolution
		Debug|Any CPU = Debug|Any CPU
		Debug|iPhone = Debug|iPhone
		Debug|iPhoneSimulator = Debug|iPhoneSimulator
		Release|Any CPU = Release|Any CPU
		Release|iPhone = Release|iPhone
		Release|iPhoneSimulator = Release|iPhoneSimulator
	EndGlobalSection
	GlobalSection(ProjectConfigurationPlatforms) = postSolution
		{4C11F4CD-95F2-4E22-905E-18C5B9737D2B}.Debug|Any CPU.ActiveCfg = Debug|Any CPU
		{4C11F4CD-95F2-4E22-905E-18C5B9737D2B}.Debug|Any CPU.Build.0 = Debug|Any CPU
		{4C11F4CD-95F2-4E22-905E-18C5B9737D2B}.Debug|iPhone.ActiveCfg = Debug|Any CPU
		{4C11F4CD-95F2-4E22-905E-18C5B9737D2B}.Debug|iPhone.Build.0 = Debug|Any CPU
		{4C11F4CD-95F2-4E22-905E-18C5B9737D2B}.Debug|iPhoneSimulator.ActiveCfg = Debug|Any CPU
		{4C11F4CD-95F2-4E22-905E-18C5B9737D2B}.Debug|iPhoneSimulator.Build.0 = Debug|Any CPU
		{4C11F4CD-95F2-4E22-905E-18C5B9737D2B}.Release|Any CPU.ActiveCfg = Release|Any CPU
		{4C11F4CD-95F2-4E22-905E-18C5B9737D2B}.Release|Any CPU.Build.0 = Release|Any CPU
		{4C11F4CD-95F2-4E22-905E-18C5B9737D2B}.Release|iPhone.ActiveCfg = Release|Any CPU
		{4C11F4CD-95F2-4E22-905E-18C5B9737D2B}.Release|iPhone.Build.0 = Release|Any CPU
		{4C11F4CD-95F2-4E22-905E-18C5B9737D2B}.Release|iPhoneSimulator.ActiveCfg = Release|Any CPU
		{4C11F4CD-95F2-4E22-905E-18C5B9737D2B}.Release|iPhoneSimulator.Build.0 = Release|Any CPU
		{8BB1383C-BD31-4D45-8010-DFAFE1540D36}.Debug|Any CPU.ActiveCfg = Debug|Any CPU
		{8BB1383C-BD31-4D45-8010-DFAFE1540D36}.Debug|Any CPU.Build.0 = Debug|Any CPU
		{8BB1383C-BD31-4D45-8010-DFAFE1540D36}.Debug|Any CPU.Deploy.0 = Debug|Any CPU
		{8BB1383C-BD31-4D45-8010-DFAFE1540D36}.Debug|iPhone.ActiveCfg = Debug|Any CPU
		{8BB1383C-BD31-4D45-8010-DFAFE1540D36}.Debug|iPhone.Build.0 = Debug|Any CPU
		{8BB1383C-BD31-4D45-8010-DFAFE1540D36}.Debug|iPhone.Deploy.0 = Debug|Any CPU
		{8BB1383C-BD31-4D45-8010-DFAFE1540D36}.Debug|iPhoneSimulator.ActiveCfg = Debug|Any CPU
		{8BB1383C-BD31-4D45-8010-DFAFE1540D36}.Debug|iPhoneSimulator.Build.0 = Debug|Any CPU
		{8BB1383C-BD31-4D45-8010-DFAFE1540D36}.Debug|iPhoneSimulator.Deploy.0 = Debug|Any CPU
		{8BB1383C-BD31-4D45-8010-DFAFE1540D36}.Release|Any CPU.ActiveCfg = Release|Any CPU
		{8BB1383C-BD31-4D45-8010-DFAFE1540D36}.Release|Any CPU.Build.0 = Release|Any CPU
		{8BB1383C-BD31-4D45-8010-DFAFE1540D36}.Release|Any CPU.Deploy.0 = Release|Any CPU
		{8BB1383C-BD31-4D45-8010-DFAFE1540D36}.Release|iPhone.ActiveCfg = Release|Any CPU
		{8BB1383C-BD31-4D45-8010-DFAFE1540D36}.Release|iPhone.Build.0 = Release|Any CPU
		{8BB1383C-BD31-4D45-8010-DFAFE1540D36}.Release|iPhone.Deploy.0 = Release|Any CPU
		{8BB1383C-BD31-4D45-8010-DFAFE1540D36}.Release|iPhoneSimulator.ActiveCfg = Release|Any CPU
		{8BB1383C-BD31-4D45-8010-DFAFE1540D36}.Release|iPhoneSimulator.Build.0 = Release|Any CPU
		{8BB1383C-BD31-4D45-8010-DFAFE1540D36}.Release|iPhoneSimulator.Deploy.0 = Release|Any CPU
		{73F860EE-EB58-45F6-8B4B-817A13ACC9AF}.Debug|Any CPU.ActiveCfg = Debug|iPhoneSimulator
		{73F860EE-EB58-45F6-8B4B-817A13ACC9AF}.Debug|Any CPU.Build.0 = Debug|iPhoneSimulator
		{73F860EE-EB58-45F6-8B4B-817A13ACC9AF}.Debug|iPhone.ActiveCfg = Debug|iPhone
		{73F860EE-EB58-45F6-8B4B-817A13ACC9AF}.Debug|iPhone.Build.0 = Debug|iPhone
		{73F860EE-EB58-45F6-8B4B-817A13ACC9AF}.Debug|iPhoneSimulator.ActiveCfg = Debug|iPhoneSimulator
		{73F860EE-EB58-45F6-8B4B-817A13ACC9AF}.Debug|iPhoneSimulator.Build.0 = Debug|iPhoneSimulator
		{73F860EE-EB58-45F6-8B4B-817A13ACC9AF}.Release|Any CPU.ActiveCfg = Release|iPhoneSimulator
		{73F860EE-EB58-45F6-8B4B-817A13ACC9AF}.Release|Any CPU.Build.0 = Release|iPhoneSimulator
		{73F860EE-EB58-45F6-8B4B-817A13ACC9AF}.Release|iPhone.ActiveCfg = Release|iPhone
		{73F860EE-EB58-45F6-8B4B-817A13ACC9AF}.Release|iPhone.Build.0 = Release|iPhone
		{73F860EE-EB58-45F6-8B4B-817A13ACC9AF}.Release|iPhoneSimulator.ActiveCfg = Release|iPhoneSimulator
		{73F860EE-EB58-45F6-8B4B-817A13ACC9AF}.Release|iPhoneSimulator.Build.0 = Release|iPhoneSimulator
	EndGlobalSection
	GlobalSection(SolutionProperties) = preSolution
		HideSolutionNode = FALSE
	EndGlobalSection
	GlobalSection(ExtensibilityGlobals) = postSolution
		SolutionGuid = {42DDE9F8-A5DA-4CDE-BC07-ADECB110DF52}
	EndGlobalSection
EndGlobal
